
Microsoft Visual Studio Solution File, Format Version 12.00
# Visual Studio Version 16
VisualStudioVersion = 16.0.31624.102
MinimumVisualStudioVersion = 10.0.40219.1
Project("{FAE04EC0-301F-11D3-BF4B-00C04F79EFBC}") = "parcial2", "parcial2\parcial2.csproj", "{DDBF495B-F01E-4E3F-B4FC-3BDD9C6B5A07}"
EndProject
Global
	GlobalSection(SolutionConfigurationPlatforms) = preSolution
		Debug|Any CPU = Debug|Any CPU
		Release|Any CPU = Release|Any CPU
	EndGlobalSection
	GlobalSection(ProjectConfigurationPlatforms) = postSolution
		{DDBF495B-F01E-4E3F-B4FC-3BDD9C6B5A07}.Debug|Any CPU.ActiveCfg = Debug|Any CPU
		{DDBF495B-F01E-4E3F-B4FC-3BDD9C6B5A07}.Debug|Any CPU.Build.0 = Debug|Any CPU
		{DDBF495B-F01E-4E3F-B4FC-3BDD9C6B5A07}.Release|Any CPU.ActiveCfg = Release|Any CPU
		{DDBF495B-F01E-4E3F-B4FC-3BDD9C6B5A07}.Release|Any CPU.Build.0 = Release|Any CPU
	EndGlobalSection
	GlobalSection(SolutionProperties) = preSolution
		HideSolutionNode = FALSE
	EndGlobalSection
	GlobalSection(ExtensibilityGlobals) = postSolution
		SolutionGuid = {DF8AC483-B7FA-4347-8E4D-91006E428B82}
	EndGlobalSection
EndGlobal
