
Microsoft Visual Studio Solution File, Format Version 12.00
# Visual Studio Version 16
VisualStudioVersion = 16.0.31624.102
MinimumVisualStudioVersion = 10.0.40219.1
Project("{FAE04EC0-301F-11D3-BF4B-00C04F79EFBC}") = "parcial2", "parcial2\parcial2.csproj", "{7A7783EE-226D-45BD-B67F-3B109E8C0500}"
EndProject
Global
	GlobalSection(SolutionConfigurationPlatforms) = preSolution
		Debug|Any CPU = Debug|Any CPU
		Release|Any CPU = Release|Any CPU
	EndGlobalSection
	GlobalSection(ProjectConfigurationPlatforms) = postSolution
		{7A7783EE-226D-45BD-B67F-3B109E8C0500}.Debug|Any CPU.ActiveCfg = Debug|Any CPU
		{7A7783EE-226D-45BD-B67F-3B109E8C0500}.Debug|Any CPU.Build.0 = Debug|Any CPU
		{7A7783EE-226D-45BD-B67F-3B109E8C0500}.Release|Any CPU.ActiveCfg = Release|Any CPU
		{7A7783EE-226D-45BD-B67F-3B109E8C0500}.Release|Any CPU.Build.0 = Release|Any CPU
	EndGlobalSection
	GlobalSection(SolutionProperties) = preSolution
		HideSolutionNode = FALSE
	EndGlobalSection
	GlobalSection(ExtensibilityGlobals) = postSolution
		SolutionGuid = {7412C4C4-EFBF-4ADD-A54D-7A65B34A0AB5}
	EndGlobalSection
EndGlobal
